
Microsoft Visual Studio Solution File, Format Version 12.00
# Visual Studio Version 16
VisualStudioVersion = 16.0.29609.76
MinimumVisualStudioVersion = 10.0.40219.1
Project("{FAE04EC0-301F-11D3-BF4B-00C04F79EFBC}") = "FluffySpoon.ChangeDetection", "FluffySpoon.ChangeDetection\FluffySpoon.ChangeDetection.csproj", "{5DE5EC8E-C4F7-4A11-B6F9-9D53F4907D38}"
EndProject
Project("{FAE04EC0-301F-11D3-BF4B-00C04F79EFBC}") = "FluffySpoon.ChangeDetection.Tests", "FluffySpoon.ChangeDetection.Tests\FluffySpoon.ChangeDetection.Tests.csproj", "{E419D3BA-DC63-45B6-A4A5-487EA371E102}"
EndProject
Global
	GlobalSection(SolutionConfigurationPlatforms) = preSolution
		Debug|Any CPU = Debug|Any CPU
		Release|Any CPU = Release|Any CPU
	EndGlobalSection
	GlobalSection(ProjectConfigurationPlatforms) = postSolution
		{5DE5EC8E-C4F7-4A11-B6F9-9D53F4907D38}.Debug|Any CPU.ActiveCfg = Debug|Any CPU
		{5DE5EC8E-C4F7-4A11-B6F9-9D53F4907D38}.Debug|Any CPU.Build.0 = Debug|Any CPU
		{5DE5EC8E-C4F7-4A11-B6F9-9D53F4907D38}.Release|Any CPU.ActiveCfg = Release|Any CPU
		{5DE5EC8E-C4F7-4A11-B6F9-9D53F4907D38}.Release|Any CPU.Build.0 = Release|Any CPU
		{E419D3BA-DC63-45B6-A4A5-487EA371E102}.Debug|Any CPU.ActiveCfg = Debug|Any CPU
		{E419D3BA-DC63-45B6-A4A5-487EA371E102}.Debug|Any CPU.Build.0 = Debug|Any CPU
		{E419D3BA-DC63-45B6-A4A5-487EA371E102}.Release|Any CPU.ActiveCfg = Release|Any CPU
		{E419D3BA-DC63-45B6-A4A5-487EA371E102}.Release|Any CPU.Build.0 = Release|Any CPU
	EndGlobalSection
	GlobalSection(SolutionProperties) = preSolution
		HideSolutionNode = FALSE
	EndGlobalSection
	GlobalSection(ExtensibilityGlobals) = postSolution
		SolutionGuid = {AF0B7984-D10E-4E5E-B973-11D0069CCB6E}
	EndGlobalSection
EndGlobal
